
Microsoft Visual Studio Solution File, Format Version 12.00
# Visual Studio Version 17
VisualStudioVersion = 17.13.35931.197 d17.13
MinimumVisualStudioVersion = 10.0.40219.1
Project("{FAE04EC0-301F-11D3-BF4B-00C04F79EFBC}") = "API_Shashin1", "API_Shashin1.csproj", "{3BEA686A-4DC8-4DB3-B46B-35493BAD280E}"
EndProject
Global
	GlobalSection(SolutionConfigurationPlatforms) = preSolution
		Debug|Any CPU = Debug|Any CPU
		Release|Any CPU = Release|Any CPU
	EndGlobalSection
	GlobalSection(ProjectConfigurationPlatforms) = postSolution
		{3BEA686A-4DC8-4DB3-B46B-35493BAD280E}.Debug|Any CPU.ActiveCfg = Debug|Any CPU
		{3BEA686A-4DC8-4DB3-B46B-35493BAD280E}.Debug|Any CPU.Build.0 = Debug|Any CPU
		{3BEA686A-4DC8-4DB3-B46B-35493BAD280E}.Release|Any CPU.ActiveCfg = Release|Any CPU
		{3BEA686A-4DC8-4DB3-B46B-35493BAD280E}.Release|Any CPU.Build.0 = Release|Any CPU
	EndGlobalSection
	GlobalSection(SolutionProperties) = preSolution
		HideSolutionNode = FALSE
	EndGlobalSection
	GlobalSection(ExtensibilityGlobals) = postSolution
		SolutionGuid = {A5C5407E-B5E7-4B24-89A2-1969B1A0EDB0}
	EndGlobalSection
EndGlobal
